
Microsoft Visual Studio Solution File, Format Version 12.00
# Visual Studio Version 17
VisualStudioVersion = 17.4.33122.133
MinimumVisualStudioVersion = 10.0.40219.1
Project("{FAE04EC0-301F-11D3-BF4B-00C04F79EFBC}") = "CosmosKernel1", "CosmosKernel1\CosmosKernel1.csproj", "{CDD60663-9DF4-466E-9ACF-9CD10A183E60}"
EndProject
Global
	GlobalSection(SolutionConfigurationPlatforms) = preSolution
		Debug|Any CPU = Debug|Any CPU
		Release|Any CPU = Release|Any CPU
	EndGlobalSection
	GlobalSection(ProjectConfigurationPlatforms) = postSolution
		{CDD60663-9DF4-466E-9ACF-9CD10A183E60}.Debug|Any CPU.ActiveCfg = Debug|Any CPU
		{CDD60663-9DF4-466E-9ACF-9CD10A183E60}.Debug|Any CPU.Build.0 = Debug|Any CPU
		{CDD60663-9DF4-466E-9ACF-9CD10A183E60}.Release|Any CPU.ActiveCfg = Release|Any CPU
		{CDD60663-9DF4-466E-9ACF-9CD10A183E60}.Release|Any CPU.Build.0 = Release|Any CPU
	EndGlobalSection
	GlobalSection(SolutionProperties) = preSolution
		HideSolutionNode = FALSE
	EndGlobalSection
	GlobalSection(ExtensibilityGlobals) = postSolution
		SolutionGuid = {38302625-90AD-4C6F-A736-C58761C966CD}
	EndGlobalSection
EndGlobal
